{
  "name": "microservice-blog-platform",
  "lockfileVersion": 3,
  "requires": true,
  "packages": {
    "": {
      "dependencies": {
        "opencode-ai": "^1.1.56"
      }
    },
    "node_modules/opencode-ai": {
      "version": "1.1.56",
      "resolved": "https://registry.npmmirror.com/opencode-ai/-/opencode-ai-1.1.56.tgz",
      "integrity": "sha512-OAF0G/1jVXpOrCh++M5gFEZ0bRLiXOnbxSYMFx5TOoD0OhCjHJS1JlARzaLDAx461qBnn+jocI9BBxD0wwFH3Q==",
      "hasInstallScript": true,
      "license": "MIT",
      "bin": {
        "opencode": "bin/opencode"
      },
      "optionalDependencies": {
        "opencode-darwin-arm64": "1.1.56",
        "opencode-darwin-x64": "1.1.56",
        "opencode-darwin-x64-baseline": "1.1.56",
        "opencode-linux-arm64": "1.1.56",
        "opencode-linux-arm64-musl": "1.1.56",
        "opencode-linux-x64": "1.1.56",
        "opencode-linux-x64-baseline": "1.1.56",
        "opencode-linux-x64-baseline-musl": "1.1.56",
        "opencode-linux-x64-musl": "1.1.56",
        "opencode-windows-x64": "1.1.56",
        "opencode-windows-x64-baseline": "1.1.56"
      }
    },
    "node_modules/opencode-darwin-arm64": {
      "version": "1.1.56",
      "resolved": "https://registry.npmmirror.com/opencode-darwin-arm64/-/opencode-darwin-arm64-1.1.56.tgz",
      "integrity": "sha512-0HqvLm7tcYZr4VJgEzi3Wicia5M9yCX66O7Cv470Qu4+GGbCC2sTTmzQu6pCehSleYgkZsiSBNRcFcW/6F7v0Q==",
      "cpu": [
        "arm64"
      ],
      "optional": true,
      "os": [
        "darwin"
      ]
    },
    "node_modules/opencode-darwin-x64": {
      "version": "1.1.56",
      "resolved": "https://registry.npmmirror.com/opencode-darwin-x64/-/opencode-darwin-x64-1.1.56.tgz",
      "integrity": "sha512-8ZhNd4sFbDviT1OJs42C35Bx2/z6mkcb7uNhPHX3KKm27KOm7cYjFQa1UTF5or3ZpjkjPQpR/cpo7TELvnnmRA==",
      "cpu": [
        "x64"
      ],
      "optional": true,
      "os": [
        "darwin"
      ]
    },
    "node_modules/opencode-darwin-x64-baseline": {
      "version": "1.1.56",
      "resolved": "https://registry.npmmirror.com/opencode-darwin-x64-baseline/-/opencode-darwin-x64-baseline-1.1.56.tgz",
      "integrity": "sha512-Z9QO9cTC9TnlUxTfEtDbvZbRFxc5Je8rs2Ei0cLH46W9gHGhh1fW4oX64tcrlhF5NUDKJzr/qwdoMfmKkeu53A==",
      "cpu": [
        "x64"
      ],
      "optional": true,
      "os": [
        "darwin"
      ]
    },
    "node_modules/opencode-linux-arm64": {
      "version": "1.1.56",
      "resolved": "https://registry.npmmirror.com/opencode-linux-arm64/-/opencode-linux-arm64-1.1.56.tgz",
      "integrity": "sha512-wEmIEXiEKghurQYgKY5yFUFOmnT/QIlAbYnVeH73gSqOwlYFUUlowXLDJnF+3OGd6m000qalhCxjExL7qKINWw==",
      "cpu": [
        "arm64"
      ],
      "optional": true,
      "os": [
        "linux"
      ]
    },
    "node_modules/opencode-linux-arm64-musl": {
      "version": "1.1.56",
      "resolved": "https://registry.npmmirror.com/opencode-linux-arm64-musl/-/opencode-linux-arm64-musl-1.1.56.tgz",
      "integrity": "sha512-f30SmYX4xE2fUsnNl66dDX++8iTMI9PLXz7BRHhgXL4XAdMpUUJbOKIsw3ZUB0KWHwjR8cjkEJQOZxR3HPbrZg==",
      "cpu": [
        "arm64"
      ],
      "optional": true,
      "os": [
        "linux"
      ]
    },
    "node_modules/opencode-linux-x64": {
      "version": "1.1.56",
      "resolved": "https://registry.npmmirror.com/opencode-linux-x64/-/opencode-linux-x64-1.1.56.tgz",
      "integrity": "sha512-0FP3BzLjn+a9naTtm9hpHibJ+eV1RkI+tItcDQXKwHtvzoBUvytDRP8v6TotEHNtNF0ZLAb3OGurwDIIdtLarg==",
      "cpu": [
        "x64"
      ],
      "optional": true,
      "os": [
        "linux"
      ]
    },
    "node_modules/opencode-linux-x64-baseline": {
      "version": "1.1.56",
      "resolved": "https://registry.npmmirror.com/opencode-linux-x64-baseline/-/opencode-linux-x64-baseline-1.1.56.tgz",
      "integrity": "sha512-jKOvhkNLcn0h6zmKX+hDdkODijSVDxjAGTZp8BPbJCCJVxnKll9dYfDMTqxi3YN6yXp6sBvyaJT1mcpf8knkeA==",
      "cpu": [
        "x64"
      ],
      "optional": true,
      "os": [
        "linux"
      ]
    },
    "node_modules/opencode-linux-x64-baseline-musl": {
      "version": "1.1.56",
      "resolved": "https://registry.npmmirror.com/opencode-linux-x64-baseline-musl/-/opencode-linux-x64-baseline-musl-1.1.56.tgz",
      "integrity": "sha512-EC8EGTJCgTZgGIMZdQjOKGXw02+igo0am1Ry6wrPrB0li7XBlYbY6dz8tL3FlknRVMLamtGtb3tXQ6tqbwjX0g==",
      "cpu": [
        "x64"
      ],
      "optional": true,
      "os": [
        "linux"
      ]
    },
    "node_modules/opencode-linux-x64-musl": {
      "version": "1.1.56",
      "resolved": "https://registry.npmmirror.com/opencode-linux-x64-musl/-/opencode-linux-x64-musl-1.1.56.tgz",
      "integrity": "sha512-9BFYBPgpY2RrUd7/Ul0VNh+6B9l0FmCNRUV4yYmeFGee9ZDgPem5YGicsKAMQqS/5X0jW3ZWje+KBbBQz4RMwQ==",
      "cpu": [
        "x64"
      ],
      "optional": true,
      "os": [
        "linux"
      ]
    },
    "node_modules/opencode-windows-x64": {
      "version": "1.1.56",
      "resolved": "https://registry.npmmirror.com/opencode-windows-x64/-/opencode-windows-x64-1.1.56.tgz",
      "integrity": "sha512-zm/oaWT5uGrW3DumKRHiqv2L2pKwrTvhsT4XUSfIPLQn5EvrYNU6bh3WFO4v71ZBjSIKx5Q7rEvTEQvFiFEZFQ==",
      "cpu": [
        "x64"
      ],
      "optional": true,
      "os": [
        "win32"
      ]
    },
    "node_modules/opencode-windows-x64-baseline": {
      "version": "1.1.56",
      "resolved": "https://registry.npmmirror.com/opencode-windows-x64-baseline/-/opencode-windows-x64-baseline-1.1.56.tgz",
      "integrity": "sha512-zEokdohfoDjWzwULvlSq0Y/tRoVmz2/6GofYO936buPQf09cBcPqpAgLUjZV+pQI0Atyd05YG3BCO4PQxmXzdw==",
      "cpu": [
        "x64"
      ],
      "optional": true,
      "os": [
        "win32"
      ]
    }
  }
}
